
Microsoft Visual Studio Solution File, Format Version 12.00
# Visual Studio Version 17
VisualStudioVersion = 17.5.33424.131
MinimumVisualStudioVersion = 10.0.40219.1
Project("{FAE04EC0-301F-11D3-BF4B-00C04F79EFBC}") = "ChatBotTelegram", "ChatBotTelegram\ChatBotTelegram.csproj", "{B2F50777-FA50-4238-8C4C-330D94057FBA}"
EndProject
Global
	GlobalSection(SolutionConfigurationPlatforms) = preSolution
		Debug|Any CPU = Debug|Any CPU
		Release|Any CPU = Release|Any CPU
	EndGlobalSection
	GlobalSection(ProjectConfigurationPlatforms) = postSolution
		{B2F50777-FA50-4238-8C4C-330D94057FBA}.Debug|Any CPU.ActiveCfg = Debug|Any CPU
		{B2F50777-FA50-4238-8C4C-330D94057FBA}.Debug|Any CPU.Build.0 = Debug|Any CPU
		{B2F50777-FA50-4238-8C4C-330D94057FBA}.Release|Any CPU.ActiveCfg = Release|Any CPU
		{B2F50777-FA50-4238-8C4C-330D94057FBA}.Release|Any CPU.Build.0 = Release|Any CPU
	EndGlobalSection
	GlobalSection(SolutionProperties) = preSolution
		HideSolutionNode = FALSE
	EndGlobalSection
	GlobalSection(ExtensibilityGlobals) = postSolution
		SolutionGuid = {9B35C93D-201F-405D-8B31-A74854ACF328}
	EndGlobalSection
EndGlobal
